
Microsoft Visual Studio Solution File, Format Version 12.00
# Visual Studio Version 16
VisualStudioVersion = 16.0.29911.84
MinimumVisualStudioVersion = 10.0.40219.1
Project("{9A19103F-16F7-4668-BE54-9A1E7A4F7556}") = "SimpleJson_impala_webapi", "SimpleJson_impala_webapi\SimpleJson_impala_webapi.csproj", "{D02E2D9A-9682-492D-8BCC-D81A7B2530B9}"
EndProject
Global
	GlobalSection(SolutionConfigurationPlatforms) = preSolution
		Debug|Any CPU = Debug|Any CPU
		Release|Any CPU = Release|Any CPU
	EndGlobalSection
	GlobalSection(ProjectConfigurationPlatforms) = postSolution
		{D02E2D9A-9682-492D-8BCC-D81A7B2530B9}.Debug|Any CPU.ActiveCfg = Debug|Any CPU
		{D02E2D9A-9682-492D-8BCC-D81A7B2530B9}.Debug|Any CPU.Build.0 = Debug|Any CPU
		{D02E2D9A-9682-492D-8BCC-D81A7B2530B9}.Release|Any CPU.ActiveCfg = Release|Any CPU
		{D02E2D9A-9682-492D-8BCC-D81A7B2530B9}.Release|Any CPU.Build.0 = Release|Any CPU
	EndGlobalSection
	GlobalSection(SolutionProperties) = preSolution
		HideSolutionNode = FALSE
	EndGlobalSection
	GlobalSection(ExtensibilityGlobals) = postSolution
		SolutionGuid = {746C76F0-3E20-4680-A415-37657FB1383E}
	EndGlobalSection
EndGlobal
